Microsoft Visual Studio Solution File, Format Version 12.00
# Visual Studio Version 18
VisualStudioVersion = 18.3.11426.168
MinimumVisualStudioVersion = 10.0.40219.1
Project("{FAE04EC0-301F-11D3-BF4B-00C04F79EFBC}") = "ArcaneOdyssey", "ArcaneOdyssey.csproj", "{3D79BA7F-CE18-C86B-67F4-5BD702E45ACF}"
EndProject
Global
	GlobalSection(SolutionConfigurationPlatforms) = preSolution
		Debug|Any CPU = Debug|Any CPU
		Release|Any CPU = Release|Any CPU
	EndGlobalSection
	GlobalSection(ProjectConfigurationPlatforms) = postSolution
		{3D79BA7F-CE18-C86B-67F4-5BD702E45ACF}.Debug|Any CPU.ActiveCfg = Debug|Any CPU
		{3D79BA7F-CE18-C86B-67F4-5BD702E45ACF}.Debug|Any CPU.Build.0 = Debug|Any CPU
		{3D79BA7F-CE18-C86B-67F4-5BD702E45ACF}.Release|Any CPU.ActiveCfg = Release|Any CPU
		{3D79BA7F-CE18-C86B-67F4-5BD702E45ACF}.Release|Any CPU.Build.0 = Release|Any CPU
	EndGlobalSection
	GlobalSection(SolutionProperties) = preSolution
		HideSolutionNode = FALSE
	EndGlobalSection
	GlobalSection(ExtensibilityGlobals) = postSolution
		SolutionGuid = {D6C11FA2-76EE-491A-9290-BBE755988FF5}
	EndGlobalSection
EndGlobal
